{
  "name": "pharmatech",
  "version": "1.0.0",
  "lockfileVersion": 3,
  "requires": true,
  "packages": {
    "": {
      "name": "pharmatech",
      "version": "1.0.0",
      "type": "module",
      "dependencies": {
        "@capacitor-community/fcm": "^6.0.0",
        "@capacitor-community/sqlite": "^6.0.0",
        "@capacitor/android": "^6.0.0",
        "@capacitor/app": "^6.0.0",
        "@capacitor/camera": "^6.0.0",
        "@capacitor/core": "^6.0.0",
        "@capacitor/filesystem": "^6.0.0",
        "@capacitor/local-notifications": "^6.0.0",
        "@capacitor/motion": "^6.0.0",
        "@capacitor/preferences": "^6.0.0",
        "@capacitor/push-notifications": "^6.0.0",
        "@capacitor/share": "^6.0.0",
        "@neondatabase/serverless": "latest",
        "@supabase/supabase-js": "^2.43.4",
        "axios": "^1.6.7",
        "capacitor-voice-recorder": "^5.0.0",
        "clsx": "^2.1.0",
        "fast-xml-parser": "^4.3.5",
        "firebase": "^10.13.2",
        "framer-motion": "^11.0.8",
        "html2pdf.js": "^0.10.2",
        "jspdf": "^2.5.1",
        "jspdf-autotable": "^3.8.2",
        "lucide-react": "latest",
        "onesignal-cordova-plugin": "latest",
        "react": "latest",
        "react-dom": "latest",
        "react-router-dom": "^7.18.4",
        "sweetalert2": "^11.10.5",
        "tailwind-merge": "^2.2.1"
      },
      "devDependencies": {
        "@capacitor/assets": "^3.0.5",
        "@capacitor/cli": "^6.0.0",
        "@vitejs/plugin-react": "latest",
        "autoprefixer": "^10.4.17",
        "postcss": "^8.4.35",
        "tailwindcss": "^3.4.1",
        "terser": "^5.27.0",
        "vite": "latest"
      },
      "overrides": {
        "capacitor-voice-recorder": {
          "@capacitor/core": "$@capacitor/core"
        }
      }
    },
    "node_modules/@capacitor/core": {
      "version": "6.2.0",
      "resolved": "https://registry.npmjs.org/@capacitor/core/-/core-6.2.0.tgz",
      "integrity": "sha512-V5Rz3lC82N8uOqCW2B5D85u4Vb2p7kG+vH929g4x3z6o3lW1g0w==",
      "funding": {
        "type": "github",
        "url": "https://github.com/sponsors/ionic"
      }
    },
    "node_modules/@capacitor/android": {
      "version": "6.2.0",
      "resolved": "https://registry.npmjs.org/@capacitor/android/-/android-6.2.0.tgz",
      "integrity": "sha512-H9Y1C85A8D3YF1XN3Lqj5B984YqE8K6wL6m5n0g4Z3t4W2a9B9e0z5Q5aG6b7c8B49v2A==",
      "dependencies": {
        "@capacitor/core": "^6.2.0"
      }
    },
    "node_modules/@capacitor/cli": {
      "version": "6.2.0",
      "resolved": "https://registry.npmjs.org/@capacitor/cli/-/cli-6.2.0.tgz",
      "integrity": "sha512-Z59+z68H3e0R2k84a6c6e7t1054n2X6C1C98V87Lg=="
    },
    "node_modules/react": {
      "version": "18.3.1",
      "resolved": "https://registry.npmjs.org/react/-/react-18.3.1.tgz",
      "integrity": "sha512-wS+hAgJShR0KhEvPJArfuPVN1+Hz1t0Y6n5jLrGQTkb4urgPE9nhV761L1V9zl1q0C6x6hDRypuHz/gT1nFffg==",
      "dependencies": {
        "loose-envify": "^1.1.0"
      },
      "engines": {
        "node": ">=0.10.0"
      }
    },
    "node_modules/react-dom": {
      "version": "18.3.1",
      "resolved": "https://registry.npmjs.org/react-dom/-/react-dom-18.3.1.tgz",
      "integrity": "sha512-5mGnQKpDLTSG6EIP8JxHjIBCxuThEBmAZUN0NGIKVIOjRt6IBBWlDibCXk9I1xcSCVp3jYtIxhgjF8qJg/nEkw==",
      "dependencies": {
        "loose-envify": "^1.1.0",
        "scheduler": "^0.23.2"
      },
      "peerDependencies": {
        "react": "^18.3.1"
      }
    }
  }
}
